
Microsoft Visual Studio Solution File, Format Version 12.00
# Visual Studio Version 17
VisualStudioVersion = 17.10.35122.118
MinimumVisualStudioVersion = 10.0.40219.1
Project("{9A19103F-16F7-4668-BE54-9A1E7A4F7556}") = "EMS.Web", "EMS.Web\EMS.Web.csproj", "{E09DA95F-CF57-43F3-9902-FE4B643E77AB}"
EndProject
Project("{9A19103F-16F7-4668-BE54-9A1E7A4F7556}") = "EMS.Domain", "EMS.Domain\EMS.Domain.csproj", "{7FD0C396-FC06-49E1-9DB0-32CFCED7BD58}"
EndProject
Project("{9A19103F-16F7-4668-BE54-9A1E7A4F7556}") = "EMS.Service", "EMS.Service\EMS.Service.csproj", "{FB0F70D9-966C-436E-AEAF-9EBE78D3B162}"
EndProject
Project("{9A19103F-16F7-4668-BE54-9A1E7A4F7556}") = "EMS.Repository", "EMS.Repository\EMS.Repository.csproj", "{DF3496EE-A3C6-4AB8-B1FC-7D8A84C67AFC}"
EndProject
Global
	GlobalSection(SolutionConfigurationPlatforms) = preSolution
		Debug|Any CPU = Debug|Any CPU
		Release|Any CPU = Release|Any CPU
	EndGlobalSection
	GlobalSection(ProjectConfigurationPlatforms) = postSolution
		{E09DA95F-CF57-43F3-9902-FE4B643E77AB}.Debug|Any CPU.ActiveCfg = Debug|Any CPU
		{E09DA95F-CF57-43F3-9902-FE4B643E77AB}.Debug|Any CPU.Build.0 = Debug|Any CPU
		{E09DA95F-CF57-43F3-9902-FE4B643E77AB}.Release|Any CPU.ActiveCfg = Release|Any CPU
		{E09DA95F-CF57-43F3-9902-FE4B643E77AB}.Release|Any CPU.Build.0 = Release|Any CPU
		{7FD0C396-FC06-49E1-9DB0-32CFCED7BD58}.Debug|Any CPU.ActiveCfg = Debug|Any CPU
		{7FD0C396-FC06-49E1-9DB0-32CFCED7BD58}.Debug|Any CPU.Build.0 = Debug|Any CPU
		{7FD0C396-FC06-49E1-9DB0-32CFCED7BD58}.Release|Any CPU.ActiveCfg = Release|Any CPU
		{7FD0C396-FC06-49E1-9DB0-32CFCED7BD58}.Release|Any CPU.Build.0 = Release|Any CPU
		{FB0F70D9-966C-436E-AEAF-9EBE78D3B162}.Debug|Any CPU.ActiveCfg = Debug|Any CPU
		{FB0F70D9-966C-436E-AEAF-9EBE78D3B162}.Debug|Any CPU.Build.0 = Debug|Any CPU
		{FB0F70D9-966C-436E-AEAF-9EBE78D3B162}.Release|Any CPU.ActiveCfg = Release|Any CPU
		{FB0F70D9-966C-436E-AEAF-9EBE78D3B162}.Release|Any CPU.Build.0 = Release|Any CPU
		{DF3496EE-A3C6-4AB8-B1FC-7D8A84C67AFC}.Debug|Any CPU.ActiveCfg = Debug|Any CPU
		{DF3496EE-A3C6-4AB8-B1FC-7D8A84C67AFC}.Debug|Any CPU.Build.0 = Debug|Any CPU
		{DF3496EE-A3C6-4AB8-B1FC-7D8A84C67AFC}.Release|Any CPU.ActiveCfg = Release|Any CPU
		{DF3496EE-A3C6-4AB8-B1FC-7D8A84C67AFC}.Release|Any CPU.Build.0 = Release|Any CPU
	EndGlobalSection
	GlobalSection(SolutionProperties) = preSolution
		HideSolutionNode = FALSE
	EndGlobalSection
	GlobalSection(ExtensibilityGlobals) = postSolution
		SolutionGuid = {EC5084CA-9580-4020-957E-E896D3601751}
	EndGlobalSection
EndGlobal
